// !$*UTF8*$!
{
	archiveVersion = 1;
	classes = {
	};
	objectVersion = 56;
	objects = {

/* Begin PBXBuildFile section */
		72822EE62A3D909A00518747 /* librefastApp.swift in Sources */ = {isa = PBXBuildFile; fileRef = 72822EE52A3D909A00518747 /* librefastApp.swift */; };
		72822EE82A3D909A00518747 /* ContentView.swift in Sources */ = {isa = PBXBuildFile; fileRef = 72822EE72A3D909A00518747 /* ContentView.swift */; };
		72822EEA2A3D909B00518747 /* Assets.xcassets in Resources */ = {isa = PBXBuildFile; fileRef = 72822EE92A3D909B00518747 /* Assets.xcassets */; };
		72822EED2A3D909B00518747 /* Preview Assets.xcassets in Resources */ = {isa = PBXBuildFile; fileRef = 72822EEC2A3D909B00518747 /* Preview Assets.xcassets */; };
		72822EEF2A3D909B00518747 /* Item.swift in Sources */ = {isa = PBXBuildFile; fileRef = 72822EEE2A3D909B00518747 /* Item.swift */; };
		72822EFB2A3D909B00518747 /* librefastTests.swift in Sources */ = {isa = PBXBuildFile; fileRef = 72822EFA2A3D909B00518747 /* librefastTests.swift */; };
		72822F052A3D909B00518747 /* librefastUITests.swift in Sources */ = {isa = PBXBuildFile; fileRef = 72822F042A3D909B00518747 /* librefastUITests.swift */; };
		72822F072A3D909B00518747 /* librefastUITestsLaunchTests.swift in Sources */ = {isa = PBXBuildFile; fileRef = 72822F062A3D909B00518747 /* librefastUITestsLaunchTests.swift */; };
/* End PBXBuildFile section */

/* Begin PBXContainerItemProxy section */
		72822EF72A3D909B00518747 /* PBXContainerItemProxy */ = {
			isa = PBXContainerItemProxy;
			containerPortal = 72822EDA2A3D909A00518747 /* Project object */;
			proxyType = 1;
			remoteGlobalIDString = 72822EE12A3D909A00518747;
			remoteInfo = librefast;
		};
		72822F012A3D909B00518747 /* PBXContainerItemProxy */ = {
			isa = PBXContainerItemProxy;
			containerPortal = 72822EDA2A3D909A00518747 /* Project object */;
			proxyType = 1;
			remoteGlobalIDString = 72822EE12A3D909A00518747;
			remoteInfo = librefast;
		};
/* End PBXContainerItemProxy section */

/* Begin PBXFileReference section */
		72822EE22A3D909A00518747 /* librefast.app */ = {isa = PBXFileReference; explicitFileType = wrapper.application; includeInIndex = 0; path = librefast.app; sourceTree = BUILT_PRODUCTS_DIR; };
		72822EE52A3D909A00518747 /* librefastApp.swift */ = {isa = PBXFileReference; lastKnownFileType = sourcecode.swift; path = librefastApp.swift; sourceTree = "<group>"; };
		72822EE72A3D909A00518747 /* ContentView.swift */ = {isa = PBXFileReference; lastKnownFileType = sourcecode.swift; path = ContentView.swift; sourceTree = "<group>"; };
		72822EE92A3D909B00518747 /* Assets.xcassets */ = {isa = PBXFileReference; lastKnownFileType = folder.assetcatalog; path = Assets.xcassets; sourceTree = "<group>"; };
		72822EEC2A3D909B00518747 /* Preview Assets.xcassets */ = {isa = PBXFileReference; lastKnownFileType = folder.assetcatalog; path = "Preview Assets.xcassets"; sourceTree = "<group>"; };
		72822EEE2A3D909B00518747 /* Item.swift */ = {isa = PBXFileReference; lastKnownFileType = sourcecode.swift; path = Item.swift; sourceTree = "<group>"; };
		72822EF02A3D909B00518747 /* librefast.entitlements */ = {isa = PBXFileReference; lastKnownFileType = text.plist.entitlements; path = librefast.entitlements; sourceTree = "<group>"; };
		72822EF12A3D909B00518747 /* Info.plist */ = {isa = PBXFileReference; lastKnownFileType = text.plist.xml; path = Info.plist; sourceTree = "<group>"; };
		72822EF62A3D909B00518747 /* librefastTests.xctest */ = {isa = PBXFileReference; explicitFileType = wrapper.cfbundle; includeInIndex = 0; path = librefastTests.xctest; sourceTree = BUILT_PRODUCTS_DIR; };
		72822EFA2A3D909B00518747 /* librefastTests.swift */ = {isa = PBXFileReference; lastKnownFileType = sourcecode.swift; path = librefastTests.swift; sourceTree = "<group>"; };
		72822F002A3D909B00518747 /* librefastUITests.xctest */ = {isa = PBXFileReference; explicitFileType = wrapper.cfbundle; includeInIndex = 0; path = librefastUITests.xctest; sourceTree = BUILT_PRODUCTS_DIR; };
		72822F042A3D909B00518747 /* librefastUITests.swift */ = {isa = PBXFileReference; lastKnownFileType = sourcecode.swift; path = librefastUITests.swift; sourceTree = "<group>"; };
		72822F062A3D909B00518747 /* librefastUITestsLaunchTests.swift */ = {isa = PBXFileReference; lastKnownFileType = sourcecode.swift; path = librefastUITestsLaunchTests.swift; sourceTree = "<group>"; };
/* End PBXFileReference section */

/* Begin PBXFrameworksBuildPhase section */
		72822EDF2A3D909A00518747 /* Frameworks */ = {
			isa = PBXFrameworksBuildPhase;
			buildActionMask = 2147483647;
			files = (
			);
			runOnlyForDeploymentPostprocessing = 0;
		};
		72822EF32A3D909B00518747 /* Frameworks */ = {
			isa = PBXFrameworksBuildPhase;
			buildActionMask = 2147483647;
			files = (
			);
			runOnlyForDeploymentPostprocessing = 0;
		};
		72822EFD2A3D909B00518747 /* Frameworks */ = {
			isa = PBXFrameworksBuildPhase;
			buildActionMask = 2147483647;
			files = (
			);
			runOnlyForDeploymentPostprocessing = 0;
		};
/* End PBXFrameworksBuildPhase section */

/* Begin PBXGroup section */
		72822ED92A3D909A00518747 = {
			isa = PBXGroup;
			children = (
				72822EE42A3D909A00518747 /* librefast */,
				72822EF92A3D909B00518747 /* librefastTests */,
				72822F032A3D909B00518747 /* librefastUITests */,
				72822EE32A3D909A00518747 /* Products */,
			);
			sourceTree = "<group>";
		};
		72822EE32A3D909A00518747 /* Products */ = {
			isa = PBXGroup;
			children = (
				72822EE22A3D909A00518747 /* librefast.app */,
				72822EF62A3D909B00518747 /* librefastTests.xctest */,
				72822F002A3D909B00518747 /* librefastUITests.xctest */,
			);
			name = Products;
			sourceTree = "<group>";
		};
		72822EE42A3D909A00518747 /* librefast */ = {
			isa = PBXGroup;
			children = (
				72822EE52A3D909A00518747 /* librefastApp.swift */,
				72822EE72A3D909A00518747 /* ContentView.swift */,
				72822EE92A3D909B00518747 /* Assets.xcassets */,
				72822EEE2A3D909B00518747 /* Item.swift */,
				72822EF02A3D909B00518747 /* librefast.entitlements */,
				72822EF12A3D909B00518747 /* Info.plist */,
				72822EEB2A3D909B00518747 /* Preview Content */,
			);
			path = librefast;
			sourceTree = "<group>";
		};
		72822EEB2A3D909B00518747 /* Preview Content */ = {
			isa = PBXGroup;
			children = (
				72822EEC2A3D909B00518747 /* Preview Assets.xcassets */,
			);
			path = "Preview Content";
			sourceTree = "<group>";
		};
		72822EF92A3D909B00518747 /* librefastTests */ = {
			isa = PBXGroup;
			children = (
				72822EFA2A3D909B00518747 /* librefastTests.swift */,
			);
			path = librefastTests;
			sourceTree = "<group>";
		};
		72822F032A3D909B00518747 /* librefastUITests */ = {
			isa = PBXGroup;
			children = (
				72822F042A3D909B00518747 /* librefastUITests.swift */,
				72822F062A3D909B00518747 /* librefastUITestsLaunchTests.swift */,
			);
			path = librefastUITests;
			sourceTree = "<group>";
		};
/* End PBXGroup section */

/* Begin PBXNativeTarget section */
		72822EE12A3D909A00518747 /* librefast */ = {
			isa = PBXNativeTarget;
			buildConfigurationList = 72822F0A2A3D909B00518747 /* Build configuration list for PBXNativeTarget "librefast" */;
			buildPhases = (
				72822EDE2A3D909A00518747 /* Sources */,
				72822EDF2A3D909A00518747 /* Frameworks */,
				72822EE02A3D909A00518747 /* Resources */,
			);
			buildRules = (
			);
			dependencies = (
			);
			name = librefast;
			productName = librefast;
			productReference = 72822EE22A3D909A00518747 /* librefast.app */;
			productType = "com.apple.product-type.application";
		};
		72822EF52A3D909B00518747 /* librefastTests */ = {
			isa = PBXNativeTarget;
			buildConfigurationList = 72822F0D2A3D909B00518747 /* Build configuration list for PBXNativeTarget "librefastTests" */;
			buildPhases = (
				72822EF22A3D909B00518747 /* Sources */,
				72822EF32A3D909B00518747 /* Frameworks */,
				72822EF42A3D909B00518747 /* Resources */,
			);
			buildRules = (
			);
			dependencies = (
				72822EF82A3D909B00518747 /* PBXTargetDependency */,
			);
			name = librefastTests;
			productName = librefastTests;
			productReference = 72822EF62A3D909B00518747 /* librefastTests.xctest */;
			productType = "com.apple.product-type.bundle.unit-test";
		};
		72822EFF2A3D909B00518747 /* librefastUITests */ = {
			isa = PBXNativeTarget;
			buildConfigurationList = 72822F102A3D909B00518747 /* Build configuration list for PBXNativeTarget "librefastUITests" */;
			buildPhases = (
				72822EFC2A3D909B00518747 /* Sources */,
				72822EFD2A3D909B00518747 /* Frameworks */,
				72822EFE2A3D909B00518747 /* Resources */,
			);
			buildRules = (
			);
			dependencies = (
				72822F022A3D909B00518747 /* PBXTargetDependency */,
			);
			name = librefastUITests;
			productName = librefastUITests;
			productReference = 72822F002A3D909B00518747 /* librefastUITests.xctest */;
			productType = "com.apple.product-type.bundle.ui-testing";
		};
/* End PBXNativeTarget section */

/* Begin PBXProject section */
		72822EDA2A3D909A00518747 /* Project object */ = {
			isa = PBXProject;
			attributes = {
				BuildIndependentTargetsInParallel = 1;
				LastSwiftUpdateCheck = 1500;
				LastUpgradeCheck = 1500;
				TargetAttributes = {
					72822EE12A3D909A00518747 = {
						CreatedOnToolsVersion = 15.0;
					};
					72822EF52A3D909B00518747 = {
						CreatedOnToolsVersion = 15.0;
						TestTargetID = 72822EE12A3D909A00518747;
					};
					72822EFF2A3D909B00518747 = {
						CreatedOnToolsVersion = 15.0;
						TestTargetID = 72822EE12A3D909A00518747;
					};
				};
			};
			buildConfigurationList = 72822EDD2A3D909A00518747 /* Build configuration list for PBXProject "librefast" */;
			compatibilityVersion = "Xcode 14.0";
			developmentRegion = en;
			hasScannedForEncodings = 0;
			knownRegions = (
				en,
				Base,
			);
			mainGroup = 72822ED92A3D909A00518747;
			productRefGroup = 72822EE32A3D909A00518747 /* Products */;
			projectDirPath = "";
			projectRoot = "";
			targets = (
				72822EE12A3D909A00518747 /* librefast */,
				72822EF52A3D909B00518747 /* librefastTests */,
				72822EFF2A3D909B00518747 /* librefastUITests */,
			);
		};
/* End PBXProject section */

/* Begin PBXResourcesBuildPhase section */
		72822EE02A3D909A00518747 /* Resources */ = {
			isa = PBXResourcesBuildPhase;
			buildActionMask = 2147483647;
			files = (
				72822EED2A3D909B00518747 /* Preview Assets.xcassets in Resources */,
				72822EEA2A3D909B00518747 /* Assets.xcassets in Resources */,
			);
			runOnlyForDeploymentPostprocessing = 0;
		};
		72822EF42A3D909B00518747 /* Resources */ = {
			isa = PBXResourcesBuildPhase;
			buildActionMask = 2147483647;
			files = (
			);
			runOnlyForDeploymentPostprocessing = 0;
		};
		72822EFE2A3D909B00518747 /* Resources */ = {
			isa = PBXResourcesBuildPhase;
			buildActionMask = 2147483647;
			files = (
			);
			runOnlyForDeploymentPostprocessing = 0;
		};
/* End PBXResourcesBuildPhase section */

/* Begin PBXSourcesBuildPhase section */
		72822EDE2A3D909A00518747 /* Sources */ = {
			isa = PBXSourcesBuildPhase;
			buildActionMask = 2147483647;
			files = (
				72822EE82A3D909A00518747 /* ContentView.swift in Sources */,
				72822EEF2A3D909B00518747 /* Item.swift in Sources */,
				72822EE62A3D909A00518747 /* librefastApp.swift in Sources */,
			);
			runOnlyForDeploymentPostprocessing = 0;
		};
		72822EF22A3D909B00518747 /* Sources */ = {
			isa = PBXSourcesBuildPhase;
			buildActionMask = 2147483647;
			files = (
				72822EFB2A3D909B00518747 /* librefastTests.swift in Sources */,
			);
			runOnlyForDeploymentPostprocessing = 0;
		};
		72822EFC2A3D909B00518747 /* Sources */ = {
			isa = PBXSourcesBuildPhase;
			buildActionMask = 2147483647;
			files = (
				72822F052A3D909B00518747 /* librefastUITests.swift in Sources */,
				72822F072A3D909B00518747 /* librefastUITestsLaunchTests.swift in Sources */,
			);
			runOnlyForDeploymentPostprocessing = 0;
		};
/* End PBXSourcesBuildPhase section */

/* Begin PBXTargetDependency section */
		72822EF82A3D909B00518747 /* PBXTargetDependency */ = {
			isa = PBXTargetDependency;
			target = 72822EE12A3D909A00518747 /* librefast */;
			targetProxy = 72822EF72A3D909B00518747 /* PBXContainerItemProxy */;
		};
		72822F022A3D909B00518747 /* PBXTargetDependency */ = {
			isa = PBXTargetDependency;
			target = 72822EE12A3D909A00518747 /* librefast */;
			targetProxy = 72822F012A3D909B00518747 /* PBXContainerItemProxy */;
		};
/* End PBXTargetDependency section */

/* Begin XCBuildConfiguration section */
		72822F082A3D909B00518747 /* Debug */ = {
			isa = XCBuildConfiguration;
			buildSettings = {
				ALWAYS_SEARCH_USER_PATHS = NO;
				ASSETCATALOG_COMPILER_GENERATE_SWIFT_ASSET_SYMBOL_EXTENSIONS = YES;
				CLANG_ANALYZER_NONNULL = YES;
				CLANG_ANALYZER_NUMBER_OBJECT_CONVERSION = YES_AGGRESSIVE;
				CLANG_CXX_LANGUAGE_STANDARD = "gnu++20";
				CLANG_ENABLE_MODULES = YES;
				CLANG_ENABLE_OBJC_ARC = YES;
				CLANG_ENABLE_OBJC_WEAK = YES;
				CLANG_WARN_BLOCK_CAPTURE_AUTORELEASING = YES;
				CLANG_WARN_BOOL_CONVERSION = YES;
				CLANG_WARN_COMMA = YES;
				CLANG_WARN_CONSTANT_CONVERSION = YES;
				CLANG_WARN_DEPRECATED_OBJC_IMPLEMENTATIONS = YES;
				CLANG_WARN_DIRECT_OBJC_ISA_USAGE = YES_ERROR;
				CLANG_WARN_DOCUMENTATION_COMMENTS = YES;
				CLANG_WARN_EMPTY_BODY = YES;
				CLANG_WARN_ENUM_CONVERSION = YES;
				CLANG_WARN_INFINITE_RECURSION = YES;
				CLANG_WARN_INT_CONVERSION = YES;
				CLANG_WARN_NON_LITERAL_NULL_CONVERSION = YES;
				CLANG_WARN_OBJC_IMPLICIT_RETAIN_SELF = YES;
				CLANG_WARN_OBJC_LITERAL_CONVERSION = YES;
				CLANG_WARN_OBJC_ROOT_CLASS = YES_ERROR;
				CLANG_WARN_QUOTED_INCLUDE_IN_FRAMEWORK_HEADER = YES;
				CLANG_WARN_RANGE_LOOP_ANALYSIS = YES;
				CLANG_WARN_STRICT_PROTOTYPES = YES;
				CLANG_WARN_SUSPICIOUS_MOVE = YES;
				CLANG_WARN_UNGUARDED_AVAILABILITY = YES_AGGRESSIVE;
				CLANG_WARN_UNREACHABLE_CODE = YES;
				CLANG_WARN__DUPLICATE_METHOD_MATCH = YES;
				COPY_PHASE_STRIP = NO;
				DEBUG_INFORMATION_FORMAT = dwarf;
				ENABLE_STRICT_OBJC_MSGSEND = YES;
				ENABLE_TESTABILITY = YES;
				ENABLE_USER_SCRIPT_SANDBOXING = YES;
				GCC_C_LANGUAGE_STANDARD = gnu17;
				GCC_DYNAMIC_NO_PIC = NO;
				GCC_NO_COMMON_BLOCKS = YES;
				GCC_OPTIMIZATION_LEVEL = 0;
				GCC_PREPROCESSOR_DEFINITIONS = (
					"DEBUG=1",
					"$(inherited)",
				);
				GCC_WARN_64_TO_32_BIT_CONVERSION = YES;
				GCC_WARN_ABOUT_RETURN_TYPE = YES_ERROR;
				GCC_WARN_UNDECLARED_SELECTOR = YES;
				GCC_WARN_UNINITIALIZED_AUTOS = YES_AGGRESSIVE;
				GCC_WARN_UNUSED_FUNCTION = YES;
				GCC_WARN_UNUSED_VARIABLE = YES;
				IPHONEOS_DEPLOYMENT_TARGET = 17.0;
				LOCALIZATION_PREFERS_STRING_CATALOGS = YES;
				MTL_ENABLE_DEBUG_INFO = INCLUDE_SOURCE;
				MTL_FAST_MATH = YES;
				ONLY_ACTIVE_ARCH = YES;
				SDKROOT = iphoneos;
				SWIFT_ACTIVE_COMPILATION_CONDITIONS = "DEBUG $(inherited)";
				SWIFT_OPTIMIZATION_LEVEL = "-Onone";
			};
			name = Debug;
		};
		72822F092A3D909B00518747 /* Release */ = {
			isa = XCBuildConfiguration;
			buildSettings = {
				ALWAYS_SEARCH_USER_PATHS = NO;
				ASSETCATALOG_COMPILER_GENERATE_SWIFT_ASSET_SYMBOL_EXTENSIONS = YES;
				CLANG_ANALYZER_NONNULL = YES;
				CLANG_ANALYZER_NUMBER_OBJECT_CONVERSION = YES_AGGRESSIVE;
				CLANG_CXX_LANGUAGE_STANDARD = "gnu++20";
				CLANG_ENABLE_MODULES = YES;
				CLANG_ENABLE_OBJC_ARC = YES;
				CLANG_ENABLE_OBJC_WEAK = YES;
				CLANG_WARN_BLOCK_CAPTURE_AUTORELEASING = YES;
				CLANG_WARN_BOOL_CONVERSION = YES;
				CLANG_WARN_COMMA = YES;
				CLANG_WARN_CONSTANT_CONVERSION = YES;
				CLANG_WARN_DEPRECATED_OBJC_IMPLEMENTATIONS = YES;
				CLANG_WARN_DIRECT_OBJC_ISA_USAGE = YES_ERROR;
				CLANG_WARN_DOCUMENTATION_COMMENTS = YES;
				CLANG_WARN_EMPTY_BODY = YES;
				CLANG_WARN_ENUM_CONVERSION = YES;
				CLANG_WARN_INFINITE_RECURSION = YES;
				CLANG_WARN_INT_CONVERSION = YES;
				CLANG_WARN_NON_LITERAL_NULL_CONVERSION = YES;
				CLANG_WARN_OBJC_IMPLICIT_RETAIN_SELF = YES;
				CLANG_WARN_OBJC_LITERAL_CONVERSION = YES;
				CLANG_WARN_OBJC_ROOT_CLASS = YES_ERROR;
				CLANG_WARN_QUOTED_INCLUDE_IN_FRAMEWORK_HEADER = YES;
				CLANG_WARN_RANGE_LOOP_ANALYSIS = YES;
				CLANG_WARN_STRICT_PROTOTYPES = YES;
				CLANG_WARN_SUSPICIOUS_MOVE = YES;
				CLANG_WARN_UNGUARDED_AVAILABILITY = YES_AGGRESSIVE;
				CLANG_WARN_UNREACHABLE_CODE = YES;
				CLANG_WARN__DUPLICATE_METHOD_MATCH = YES;
				COPY_PHASE_STRIP = NO;
				DEBUG_INFORMATION_FORMAT = "dwarf-with-dsym";
				ENABLE_NS_ASSERTIONS = NO;
				ENABLE_STRICT_OBJC_MSGSEND = YES;
				ENABLE_USER_SCRIPT_SANDBOXING = YES;
				GCC_C_LANGUAGE_STANDARD = gnu17;
				GCC_NO_COMMON_BLOCKS = YES;
				GCC_WARN_64_TO_32_BIT_CONVERSION = YES;
				GCC_WARN_ABOUT_RETURN_TYPE = YES_ERROR;
				GCC_WARN_UNDECLARED_SELECTOR = YES;
				GCC_WARN_UNINITIALIZED_AUTOS = YES_AGGRESSIVE;
				GCC_WARN_UNUSED_FUNCTION = YES;
				GCC_WARN_UNUSED_VARIABLE = YES;
				IPHONEOS_DEPLOYMENT_TARGET = 17.0;
				LOCALIZATION_PREFERS_STRING_CATALOGS = YES;
				MTL_ENABLE_DEBUG_INFO = NO;
				MTL_FAST_MATH = YES;
				SDKROOT = iphoneos;
				SWIFT_COMPILATION_MODE = wholemodule;
				VALIDATE_PRODUCT = YES;
			};
			name = Release;
		};
		72822F0B2A3D909B00518747 /* Debug */ = {
			isa = XCBuildConfiguration;
			buildSettings = {
				ASSETCATALOG_COMPILER_APPICON_NAME = AppIcon;
				ASSETCATALOG_COMPILER_GLOBAL_ACCENT_COLOR_NAME = AccentColor;
				CODE_SIGN_ENTITLEMENTS = librefast/librefast.entitlements;
				CODE_SIGN_STYLE = Automatic;
				CURRENT_PROJECT_VERSION = 1;
				DEVELOPMENT_ASSET_PATHS = "\"librefast/Preview Content\"";
				DEVELOPMENT_TEAM = 96HW39DJFJ;
				ENABLE_PREVIEWS = YES;
				GENERATE_INFOPLIST_FILE = YES;
				INFOPLIST_FILE = librefast/Info.plist;
				INFOPLIST_KEY_UIApplicationSceneManifest_Generation = YES;
				INFOPLIST_KEY_UIApplicationSupportsIndirectInputEvents = YES;
				INFOPLIST_KEY_UILaunchScreen_Generation = YES;
				INFOPLIST_KEY_UISupportedInterfaceOrientations_iPad = "UIInterfaceOrientationPortrait UIInterfaceOrientationPortraitUpsideDown UIInterfaceOrientationLandscapeLeft UIInterfaceOrientationLandscapeRight";
				INFOPLIST_KEY_UISupportedInterfaceOrientations_iPhone = "UIInterfaceOrientationPortrait UIInterfaceOrientationLandscapeLeft UIInterfaceOrientationLandscapeRight";
				LD_RUNPATH_SEARCH_PATHS = (
					"$(inherited)",
					"@executable_path/Frameworks",
				);
				MARKETING_VERSION = 1.0;
				PRODUCT_BUNDLE_IDENTIFIER = librefast.librefast;
				PRODUCT_NAME = "$(TARGET_NAME)";
				SWIFT_EMIT_LOC_STRINGS = YES;
				SWIFT_VERSION = 5.0;
				TARGETED_DEVICE_FAMILY = "1,2";
			};
			name = Debug;
		};
		72822F0C2A3D909B00518747 /* Release */ = {
			isa = XCBuildConfiguration;
			buildSettings = {
				ASSETCATALOG_COMPILER_APPICON_NAME = AppIcon;
				ASSETCATALOG_COMPILER_GLOBAL_ACCENT_COLOR_NAME = AccentColor;
				CODE_SIGN_ENTITLEMENTS = librefast/librefast.entitlements;
				CODE_SIGN_STYLE = Automatic;
				CURRENT_PROJECT_VERSION = 1;
				DEVELOPMENT_ASSET_PATHS = "\"librefast/Preview Content\"";
				DEVELOPMENT_TEAM = 96HW39DJFJ;
				ENABLE_PREVIEWS = YES;
				GENERATE_INFOPLIST_FILE = YES;
				INFOPLIST_FILE = librefast/Info.plist;
				INFOPLIST_KEY_UIApplicationSceneManifest_Generation = YES;
				INFOPLIST_KEY_UIApplicationSupportsIndirectInputEvents = YES;
				INFOPLIST_KEY_UILaunchScreen_Generation = YES;
				INFOPLIST_KEY_UISupportedInterfaceOrientations_iPad = "UIInterfaceOrientationPortrait UIInterfaceOrientationPortraitUpsideDown UIInterfaceOrientationLandscapeLeft UIInterfaceOrientationLandscapeRight";
				INFOPLIST_KEY_UISupportedInterfaceOrientations_iPhone = "UIInterfaceOrientationPortrait UIInterfaceOrientationLandscapeLeft UIInterfaceOrientationLandscapeRight";
				LD_RUNPATH_SEARCH_PATHS = (
					"$(inherited)",
					"@executable_path/Frameworks",
				);
				MARKETING_VERSION = 1.0;
				PRODUCT_BUNDLE_IDENTIFIER = librefast.librefast;
				PRODUCT_NAME = "$(TARGET_NAME)";
				SWIFT_EMIT_LOC_STRINGS = YES;
				SWIFT_VERSION = 5.0;
				TARGETED_DEVICE_FAMILY = "1,2";
			};
			name = Release;
		};
		72822F0E2A3D909B00518747 /* Debug */ = {
			isa = XCBuildConfiguration;
			buildSettings = {
				ALWAYS_EMBED_SWIFT_STANDARD_LIBRARIES = YES;
				BUNDLE_LOADER = "$(TEST_HOST)";
				CODE_SIGN_STYLE = Automatic;
				CURRENT_PROJECT_VERSION = 1;
				DEVELOPMENT_TEAM = 96HW39DJFJ;
				GENERATE_INFOPLIST_FILE = YES;
				IPHONEOS_DEPLOYMENT_TARGET = 17.0;
				MARKETING_VERSION = 1.0;
				PRODUCT_BUNDLE_IDENTIFIER = librefast.librefastTests;
				PRODUCT_NAME = "$(TARGET_NAME)";
				SWIFT_EMIT_LOC_STRINGS = NO;
				SWIFT_VERSION = 5.0;
				TARGETED_DEVICE_FAMILY = "1,2";
				TEST_HOST = "$(BUILT_PRODUCTS_DIR)/librefast.app/$(BUNDLE_EXECUTABLE_FOLDER_PATH)/librefast";
			};
			name = Debug;
		};
		72822F0F2A3D909B00518747 /* Release */ = {
			isa = XCBuildConfiguration;
			buildSettings = {
				ALWAYS_EMBED_SWIFT_STANDARD_LIBRARIES = YES;
				BUNDLE_LOADER = "$(TEST_HOST)";
				CODE_SIGN_STYLE = Automatic;
				CURRENT_PROJECT_VERSION = 1;
				DEVELOPMENT_TEAM = 96HW39DJFJ;
				GENERATE_INFOPLIST_FILE = YES;
				IPHONEOS_DEPLOYMENT_TARGET = 17.0;
				MARKETING_VERSION = 1.0;
				PRODUCT_BUNDLE_IDENTIFIER = librefast.librefastTests;
				PRODUCT_NAME = "$(TARGET_NAME)";
				SWIFT_EMIT_LOC_STRINGS = NO;
				SWIFT_VERSION = 5.0;
				TARGETED_DEVICE_FAMILY = "1,2";
				TEST_HOST = "$(BUILT_PRODUCTS_DIR)/librefast.app/$(BUNDLE_EXECUTABLE_FOLDER_PATH)/librefast";
			};
			name = Release;
		};
		72822F112A3D909B00518747 /* Debug */ = {
			isa = XCBuildConfiguration;
			buildSettings = {
				ALWAYS_EMBED_SWIFT_STANDARD_LIBRARIES = YES;
				CODE_SIGN_STYLE = Automatic;
				CURRENT_PROJECT_VERSION = 1;
				DEVELOPMENT_TEAM = 96HW39DJFJ;
				GENERATE_INFOPLIST_FILE = YES;
				MARKETING_VERSION = 1.0;
				PRODUCT_BUNDLE_IDENTIFIER = librefast.librefastUITests;
				PRODUCT_NAME = "$(TARGET_NAME)";
				SWIFT_EMIT_LOC_STRINGS = NO;
				SWIFT_VERSION = 5.0;
				TARGETED_DEVICE_FAMILY = "1,2";
				TEST_TARGET_NAME = librefast;
			};
			name = Debug;
		};
		72822F122A3D909B00518747 /* Release */ = {
			isa = XCBuildConfiguration;
			buildSettings = {
				ALWAYS_EMBED_SWIFT_STANDARD_LIBRARIES = YES;
				CODE_SIGN_STYLE = Automatic;
				CURRENT_PROJECT_VERSION = 1;
				DEVELOPMENT_TEAM = 96HW39DJFJ;
				GENERATE_INFOPLIST_FILE = YES;
				MARKETING_VERSION = 1.0;
				PRODUCT_BUNDLE_IDENTIFIER = librefast.librefastUITests;
				PRODUCT_NAME = "$(TARGET_NAME)";
				SWIFT_EMIT_LOC_STRINGS = NO;
				SWIFT_VERSION = 5.0;
				TARGETED_DEVICE_FAMILY = "1,2";
				TEST_TARGET_NAME = librefast;
			};
			name = Release;
		};
/* End XCBuildConfiguration section */

/* Begin XCConfigurationList section */
		72822EDD2A3D909A00518747 /* Build configuration list for PBXProject "librefast" */ = {
			isa = XCConfigurationList;
			buildConfigurations = (
				72822F082A3D909B00518747 /* Debug */,
				72822F092A3D909B00518747 /* Release */,
			);
			defaultConfigurationIsVisible = 0;
			defaultConfigurationName = Release;
		};
		72822F0A2A3D909B00518747 /* Build configuration list for PBXNativeTarget "librefast" */ = {
			isa = XCConfigurationList;
			buildConfigurations = (
				72822F0B2A3D909B00518747 /* Debug */,
				72822F0C2A3D909B00518747 /* Release */,
			);
			defaultConfigurationIsVisible = 0;
			defaultConfigurationName = Release;
		};
		72822F0D2A3D909B00518747 /* Build configuration list for PBXNativeTarget "librefastTests" */ = {
			isa = XCConfigurationList;
			buildConfigurations = (
				72822F0E2A3D909B00518747 /* Debug */,
				72822F0F2A3D909B00518747 /* Release */,
			);
			defaultConfigurationIsVisible = 0;
			defaultConfigurationName = Release;
		};
		72822F102A3D909B00518747 /* Build configuration list for PBXNativeTarget "librefastUITests" */ = {
			isa = XCConfigurationList;
			buildConfigurations = (
				72822F112A3D909B00518747 /* Debug */,
				72822F122A3D909B00518747 /* Release */,
			);
			defaultConfigurationIsVisible = 0;
			defaultConfigurationName = Release;
		};
/* End XCConfigurationList section */
	};
	rootObject = 72822EDA2A3D909A00518747 /* Project object */;
}
